
Microsoft Visual Studio Solution File, Format Version 12.00
# Visual Studio Version 17
VisualStudioVersion = 17.5.33414.496
MinimumVisualStudioVersion = 10.0.40219.1
Project("{FAE04EC0-301F-11D3-BF4B-00C04F79EFBC}") = "2023_02_27(Array3)", "2023_02_27(Array3)\2023_02_27(Array3).csproj", "{98AF7586-58B0-447F-91CE-E97C70CC7754}"
EndProject
Global
	GlobalSection(SolutionConfigurationPlatforms) = preSolution
		Debug|Any CPU = Debug|Any CPU
		Release|Any CPU = Release|Any CPU
	EndGlobalSection
	GlobalSection(ProjectConfigurationPlatforms) = postSolution
		{98AF7586-58B0-447F-91CE-E97C70CC7754}.Debug|Any CPU.ActiveCfg = Debug|Any CPU
		{98AF7586-58B0-447F-91CE-E97C70CC7754}.Debug|Any CPU.Build.0 = Debug|Any CPU
		{98AF7586-58B0-447F-91CE-E97C70CC7754}.Release|Any CPU.ActiveCfg = Release|Any CPU
		{98AF7586-58B0-447F-91CE-E97C70CC7754}.Release|Any CPU.Build.0 = Release|Any CPU
	EndGlobalSection
	GlobalSection(SolutionProperties) = preSolution
		HideSolutionNode = FALSE
	EndGlobalSection
	GlobalSection(ExtensibilityGlobals) = postSolution
		SolutionGuid = {68AFC39B-2D05-4124-8D9A-387231D8EA45}
	EndGlobalSection
EndGlobal
