
Microsoft Visual Studio Solution File, Format Version 12.00
# Visual Studio Version 17
VisualStudioVersion = 17.4.33213.308
MinimumVisualStudioVersion = 10.0.40219.1
Project("{FAE04EC0-301F-11D3-BF4B-00C04F79EFBC}") = "2023_02_19(Interface)", "2023_02_19(Interface)\2023_02_19(Interface).csproj", "{FEC67750-C8C6-4893-BEE9-9409D3D09C9E}"
EndProject
Global
	GlobalSection(SolutionConfigurationPlatforms) = preSolution
		Debug|Any CPU = Debug|Any CPU
		Release|Any CPU = Release|Any CPU
	EndGlobalSection
	GlobalSection(ProjectConfigurationPlatforms) = postSolution
		{FEC67750-C8C6-4893-BEE9-9409D3D09C9E}.Debug|Any CPU.ActiveCfg = Debug|Any CPU
		{FEC67750-C8C6-4893-BEE9-9409D3D09C9E}.Debug|Any CPU.Build.0 = Debug|Any CPU
		{FEC67750-C8C6-4893-BEE9-9409D3D09C9E}.Release|Any CPU.ActiveCfg = Release|Any CPU
		{FEC67750-C8C6-4893-BEE9-9409D3D09C9E}.Release|Any CPU.Build.0 = Release|Any CPU
	EndGlobalSection
	GlobalSection(SolutionProperties) = preSolution
		HideSolutionNode = FALSE
	EndGlobalSection
	GlobalSection(ExtensibilityGlobals) = postSolution
		SolutionGuid = {B3731696-634C-4ED5-A046-166A646DEFD2}
	EndGlobalSection
EndGlobal
